
Microsoft Visual Studio Solution File, Format Version 12.00
# Visual Studio Version 17
VisualStudioVersion = 17.13.35818.85 d17.13
MinimumVisualStudioVersion = 10.0.40219.1
Project("{FAE04EC0-301F-11D3-BF4B-00C04F79EFBC}") = "FSFC_OSFinalProject", "FSFC_OSFinalProject\FSFC_OSFinalProject.csproj", "{60ABD225-4783-4BBE-9333-82E719922274}"
EndProject
Global
	GlobalSection(SolutionConfigurationPlatforms) = preSolution
		Debug|Any CPU = Debug|Any CPU
		Release|Any CPU = Release|Any CPU
	EndGlobalSection
	GlobalSection(ProjectConfigurationPlatforms) = postSolution
		{60ABD225-4783-4BBE-9333-82E719922274}.Debug|Any CPU.ActiveCfg = Debug|Any CPU
		{60ABD225-4783-4BBE-9333-82E719922274}.Debug|Any CPU.Build.0 = Debug|Any CPU
		{60ABD225-4783-4BBE-9333-82E719922274}.Release|Any CPU.ActiveCfg = Release|Any CPU
		{60ABD225-4783-4BBE-9333-82E719922274}.Release|Any CPU.Build.0 = Release|Any CPU
	EndGlobalSection
	GlobalSection(SolutionProperties) = preSolution
		HideSolutionNode = FALSE
	EndGlobalSection
	GlobalSection(ExtensibilityGlobals) = postSolution
		SolutionGuid = {5BA05EAA-CB27-41B4-9AC6-C44AD31FEB76}
	EndGlobalSection
EndGlobal
